
Microsoft Visual Studio Solution File, Format Version 12.00
# Visual Studio Version 16
VisualStudioVersion = 16.0.30320.27
MinimumVisualStudioVersion = 10.0.40219.1
Project("{FAE04EC0-301F-11D3-BF4B-00C04F79EFBC}") = "MyBankApp", "MyBankApp\MyBankApp.csproj", "{3ACCEA61-0461-472C-B437-DD93A2DB8853}"
EndProject
Global
	GlobalSection(SolutionConfigurationPlatforms) = preSolution
		Debug|Any CPU = Debug|Any CPU
		Release|Any CPU = Release|Any CPU
	EndGlobalSection
	GlobalSection(ProjectConfigurationPlatforms) = postSolution
		{3ACCEA61-0461-472C-B437-DD93A2DB8853}.Debug|Any CPU.ActiveCfg = Debug|Any CPU
		{3ACCEA61-0461-472C-B437-DD93A2DB8853}.Debug|Any CPU.Build.0 = Debug|Any CPU
		{3ACCEA61-0461-472C-B437-DD93A2DB8853}.Release|Any CPU.ActiveCfg = Release|Any CPU
		{3ACCEA61-0461-472C-B437-DD93A2DB8853}.Release|Any CPU.Build.0 = Release|Any CPU
	EndGlobalSection
	GlobalSection(SolutionProperties) = preSolution
		HideSolutionNode = FALSE
	EndGlobalSection
	GlobalSection(ExtensibilityGlobals) = postSolution
		SolutionGuid = {DA46A017-9F2C-48F2-8E34-BB30633A73AF}
	EndGlobalSection
EndGlobal
